
Microsoft Visual Studio Solution File, Format Version 12.00
# Visual Studio Version 16
VisualStudioVersion = 16.0.30204.135
MinimumVisualStudioVersion = 10.0.40219.1
Project("{888888A0-9F3D-457C-B088-3A5042F75D52}") = "HyperDepth", "HyperDepth.pyproj", "{A5D67A9C-A2D2-4DE4-BFB4-E565592128FA}"
EndProject
Global
	GlobalSection(SolutionConfigurationPlatforms) = preSolution
		Debug|Any CPU = Debug|Any CPU
		Release|Any CPU = Release|Any CPU
	EndGlobalSection
	GlobalSection(ProjectConfigurationPlatforms) = postSolution
		{A5D67A9C-A2D2-4DE4-BFB4-E565592128FA}.Debug|Any CPU.ActiveCfg = Debug|Any CPU
		{A5D67A9C-A2D2-4DE4-BFB4-E565592128FA}.Release|Any CPU.ActiveCfg = Release|Any CPU
	EndGlobalSection
	GlobalSection(SolutionProperties) = preSolution
		HideSolutionNode = FALSE
	EndGlobalSection
	GlobalSection(ExtensibilityGlobals) = postSolution
		SolutionGuid = {C5C083CD-6A9C-4492-8506-73B383D61189}
	EndGlobalSection
EndGlobal
