
Microsoft Visual Studio Solution File, Format Version 12.00
# Visual Studio Version 16
VisualStudioVersion = 16.0.30320.27
MinimumVisualStudioVersion = 10.0.40219.1
Project("{888888A0-9F3D-457C-B088-3A5042F75D52}") = "calib", "calib.pyproj", "{10DBDCBF-EE9A-4CC1-B7D3-21BA394E71BD}"
EndProject
Global
	GlobalSection(SolutionConfigurationPlatforms) = preSolution
		Debug|Any CPU = Debug|Any CPU
		Release|Any CPU = Release|Any CPU
	EndGlobalSection
	GlobalSection(ProjectConfigurationPlatforms) = postSolution
		{10DBDCBF-EE9A-4CC1-B7D3-21BA394E71BD}.Debug|Any CPU.ActiveCfg = Debug|Any CPU
		{10DBDCBF-EE9A-4CC1-B7D3-21BA394E71BD}.Release|Any CPU.ActiveCfg = Release|Any CPU
	EndGlobalSection
	GlobalSection(SolutionProperties) = preSolution
		HideSolutionNode = FALSE
	EndGlobalSection
	GlobalSection(ExtensibilityGlobals) = postSolution
		SolutionGuid = {12567F4B-3CA0-49C2-9D80-F1A134C62270}
	EndGlobalSection
EndGlobal
